
Microsoft Visual Studio Solution File, Format Version 12.00
# Visual Studio 14
VisualStudioVersion = 14.0.25420.1
MinimumVisualStudioVersion = 10.0.40219.1
Project("{FAE04EC0-301F-11D3-BF4B-00C04F79EFBC}") = "FFGAppImport", "FFGAppImport\FFGAppImport.csproj", "{F6151E78-A984-415C-9F2C-551F145BB493}"
EndProject
Project("{FAE04EC0-301F-11D3-BF4B-00C04F79EFBC}") = "ValkyrieTools", "ValkyrieTools\ValkyrieTools.csproj", "{E0926125-3544-4592-9F07-9D13EA7CDCA6}"
EndProject
Global
	GlobalSection(SolutionConfigurationPlatforms) = preSolution
		Debug|Any CPU = Debug|Any CPU
		Release|Any CPU = Release|Any CPU
	EndGlobalSection
	GlobalSection(ProjectConfigurationPlatforms) = postSolution
		{F6151E78-A984-415C-9F2C-551F145BB493}.Debug|Any CPU.ActiveCfg = Debug|Any CPU
		{F6151E78-A984-415C-9F2C-551F145BB493}.Debug|Any CPU.Build.0 = Debug|Any CPU
		{F6151E78-A984-415C-9F2C-551F145BB493}.Release|Any CPU.ActiveCfg = Release|Any CPU
		{F6151E78-A984-415C-9F2C-551F145BB493}.Release|Any CPU.Build.0 = Release|Any CPU
		{E0926125-3544-4592-9F07-9D13EA7CDCA6}.Debug|Any CPU.ActiveCfg = Debug|Any CPU
		{E0926125-3544-4592-9F07-9D13EA7CDCA6}.Debug|Any CPU.Build.0 = Debug|Any CPU
		{E0926125-3544-4592-9F07-9D13EA7CDCA6}.Release|Any CPU.ActiveCfg = Release|Any CPU
		{E0926125-3544-4592-9F07-9D13EA7CDCA6}.Release|Any CPU.Build.0 = Release|Any CPU
	EndGlobalSection
	GlobalSection(SolutionProperties) = preSolution
		HideSolutionNode = FALSE
	EndGlobalSection
EndGlobal
